{
  "name": "sample",
  "version": "1.0.0",
  "lockfileVersion": 1,
  "requires": true,
  "dependencies": {
    "@cryptlex/lexactivator": {
      "version": "3.18.1",
      "resolved": "https://registry.npmjs.org/@cryptlex/lexactivator/-/lexactivator-3.18.1.tgz",
      "integrity": "sha512-XXgKXjKsayvvf+7hAd+T9Fz6dkglc/Z6ddn9WevpbM+zgx6GaoviD9LnsITC3lxVGO+GCx7kzXzLEz+HGyN8/A==",
      "requires": {
        "detect-libc": "^1.0.3",
        "node-addon-api": "^3.2.1"
      }
    },
    "detect-libc": {
      "version": "1.0.3",
      "resolved": "https://registry.npmjs.org/detect-libc/-/detect-libc-1.0.3.tgz",
      "integrity": "sha1-+hN8S9aY7fVc1c0CrFWfkaTEups="
    },
    "node-addon-api": {
      "version": "3.2.1",
      "resolved": "https://registry.npmjs.org/node-addon-api/-/node-addon-api-3.2.1.tgz",
      "integrity": "sha512-mmcei9JghVNDYydghQmeDX8KoAm0FAiYyIcUt/N4nhyAipB17pllZQDOJD2fotxABnt4Mdz+dKTO7eftLg4d0A=="
    }
  }
}
