{
  "name": "sample",
  "version": "1.0.0",
  "lockfileVersion": 2,
  "requires": true,
  "packages": {
    "": {
      "name": "sample",
      "version": "1.0.0",
      "license": "ISC",
      "dependencies": {
        "@cryptlex/lexactivator": "^3.14.12"
      },
      "bin": {
        "sample": "sample.js"
      }
    },
    "node_modules/@cryptlex/lexactivator": {
      "version": "3.14.12",
      "resolved": "https://registry.npmjs.org/@cryptlex/lexactivator/-/lexactivator-3.14.12.tgz",
      "integrity": "sha512-cR+ULfcE4nBCRTrFCTzXpkMa1JpDsAR8gb1/tJnJVk5lUwAWtIzePKcE5vEgTPuFAed467NR2MMHi0OcGC91fw==",
      "dependencies": {
        "detect-libc": "^1.0.3",
        "node-addon-api": "^1.6.3"
      }
    },
    "node_modules/detect-libc": {
      "version": "1.0.3",
      "resolved": "https://registry.npmjs.org/detect-libc/-/detect-libc-1.0.3.tgz",
      "integrity": "sha1-+hN8S9aY7fVc1c0CrFWfkaTEups=",
      "bin": {
        "detect-libc": "bin/detect-libc.js"
      },
      "engines": {
        "node": ">=0.10"
      }
    },
    "node_modules/node-addon-api": {
      "version": "1.7.2",
      "resolved": "https://registry.npmjs.org/node-addon-api/-/node-addon-api-1.7.2.tgz",
      "integrity": "sha512-ibPK3iA+vaY1eEjESkQkM0BbCqFOaZMiXRTtdB0u7b4djtY6JnsjvPdUHVMg6xQt3B8fpTTWHI9A+ADjM9frzg=="
    }
  },
  "dependencies": {
    "@cryptlex/lexactivator": {
      "version": "3.14.12",
      "resolved": "https://registry.npmjs.org/@cryptlex/lexactivator/-/lexactivator-3.14.12.tgz",
      "integrity": "sha512-cR+ULfcE4nBCRTrFCTzXpkMa1JpDsAR8gb1/tJnJVk5lUwAWtIzePKcE5vEgTPuFAed467NR2MMHi0OcGC91fw==",
      "requires": {
        "detect-libc": "^1.0.3",
        "node-addon-api": "^1.6.3"
      }
    },
    "detect-libc": {
      "version": "1.0.3",
      "resolved": "https://registry.npmjs.org/detect-libc/-/detect-libc-1.0.3.tgz",
      "integrity": "sha1-+hN8S9aY7fVc1c0CrFWfkaTEups="
    },
    "node-addon-api": {
      "version": "1.7.2",
      "resolved": "https://registry.npmjs.org/node-addon-api/-/node-addon-api-1.7.2.tgz",
      "integrity": "sha512-ibPK3iA+vaY1eEjESkQkM0BbCqFOaZMiXRTtdB0u7b4djtY6JnsjvPdUHVMg6xQt3B8fpTTWHI9A+ADjM9frzg=="
    }
  }
}
