{
  "name": "sample",
  "version": "1.0.0",
  "lockfileVersion": 1,
  "requires": true,
  "dependencies": {
    "@cryptlex/lexactivator": {
      "version": "3.14.7",
      "resolved": "https://registry.npmjs.org/@cryptlex/lexactivator/-/lexactivator-3.14.7.tgz",
      "integrity": "sha512-T437Ql5zdJPtf5M3s0Ef2yOlEXTmEt8xLH+fx+fRZ55VXp2En/9ZDtz3mVTkZjbfiWh0FPGdRFF1oCZRX236Yg==",
      "requires": {
        "detect-libc": "^1.0.3",
        "node-addon-api": "^1.6.3"
      }
    },
    "detect-libc": {
      "version": "1.0.3",
      "resolved": "https://registry.npmjs.org/detect-libc/-/detect-libc-1.0.3.tgz",
      "integrity": "sha1-+hN8S9aY7fVc1c0CrFWfkaTEups="
    },
    "node-addon-api": {
      "version": "1.7.2",
      "resolved": "https://registry.npmjs.org/node-addon-api/-/node-addon-api-1.7.2.tgz",
      "integrity": "sha512-ibPK3iA+vaY1eEjESkQkM0BbCqFOaZMiXRTtdB0u7b4djtY6JnsjvPdUHVMg6xQt3B8fpTTWHI9A+ADjM9frzg=="
    }
  }
}
